
Microsoft Visual Studio Solution File, Format Version 12.00
# Visual Studio Version 17
VisualStudioVersion = 17.6.33723.286
MinimumVisualStudioVersion = 10.0.40219.1
Project("{FAE04EC0-301F-11D3-BF4B-00C04F79EFBC}") = "BlazorApp2", "BlazorApp2\BlazorApp2.csproj", "{CEF04E41-6C2D-4A26-A5CD-212112B03CFC}"
EndProject
Global
	GlobalSection(SolutionConfigurationPlatforms) = preSolution
		Debug|Any CPU = Debug|Any CPU
		Release|Any CPU = Release|Any CPU
	EndGlobalSection
	GlobalSection(ProjectConfigurationPlatforms) = postSolution
		{CEF04E41-6C2D-4A26-A5CD-212112B03CFC}.Debug|Any CPU.ActiveCfg = Debug|Any CPU
		{CEF04E41-6C2D-4A26-A5CD-212112B03CFC}.Debug|Any CPU.Build.0 = Debug|Any CPU
		{CEF04E41-6C2D-4A26-A5CD-212112B03CFC}.Release|Any CPU.ActiveCfg = Release|Any CPU
		{CEF04E41-6C2D-4A26-A5CD-212112B03CFC}.Release|Any CPU.Build.0 = Release|Any CPU
	EndGlobalSection
	GlobalSection(SolutionProperties) = preSolution
		HideSolutionNode = FALSE
	EndGlobalSection
	GlobalSection(ExtensibilityGlobals) = postSolution
		SolutionGuid = {0B26D980-AB61-492A-B2FB-EC201F7ED450}
	EndGlobalSection
EndGlobal
